# THIS IS AN AUTOGENERATED FILE. DO NOT EDIT THIS FILE DIRECTLY.
# yarn lockfile v1


"@tanstack/query-core@5.52.0":
  version "5.52.0"
  resolved "https://registry.yarnpkg.com/@tanstack/query-core/-/query-core-5.52.0.tgz#44070b2d6eb58c3a5ce2788471d842e932294a87"
  integrity sha512-U1DOEgltjUwalN6uWYTewSnA14b+tE7lSylOiASKCAO61ENJeCq9VVD/TXHA6O5u9+6v5+UgGYBSccTKDoyMqw==

"@tanstack/react-query@^5.52.0":
  version "5.52.0"
  resolved "https://registry.yarnpkg.com/@tanstack/react-query/-/react-query-5.52.0.tgz#671478798f1873983807cf6f62b140c817b3cc9f"
  integrity sha512-T8tLZdPEopSD3A1EBZ/sq7WkI76pKLKKiT82F486K8wf26EPgYCdeiSnJfuayssdQjWwLQMQVl/ROUBNmlWgCQ==
  dependencies:
    "@tanstack/query-core" "5.52.0"

zod@^3.23.8:
  version "3.23.8"
  resolved "https://registry.yarnpkg.com/zod/-/zod-3.23.8.tgz#e37b957b5d52079769fb8097099b592f0ef4067d"
  integrity sha512-XBx9AXhXktjUqnepgTiE5flcKIYWi/rme0Eaj+5Y0lftuGBq+jyRu/md4WnuxqgP1ubdpNCsYEYPxrzVHD8d6g==
