# THIS IS AN AUTOGENERATED FILE. DO NOT EDIT THIS FILE DIRECTLY.
# yarn lockfile v1


"@tanstack/query-core@5.52.0":
  version "5.52.0"
  resolved "https://registry.yarnpkg.com/@tanstack/query-core/-/query-core-5.52.0.tgz#44070b2d6eb58c3a5ce2788471d842e932294a87"
  integrity sha512-U1DOEgltjUwalN6uWYTewSnA14b+tE7lSylOiASKCAO61ENJeCq9VVD/TXHA6O5u9+6v5+UgGYBSccTKDoyMqw==

"@tanstack/query-devtools@5.51.16":
  version "5.51.16"
  resolved "https://registry.yarnpkg.com/@tanstack/query-devtools/-/query-devtools-5.51.16.tgz#d855d00e7939c1a442c2e8ae3ad1a5bd603d003b"
  integrity sha512-ajwuq4WnkNCMj/Hy3KR8d3RtZ6PSKc1dD2vs2T408MdjgKzQ3klVoL6zDgVO7X+5jlb5zfgcO3thh4ojPhfIaw==

"@tanstack/react-query-devtools@^5.52.0":
  version "5.52.0"
  resolved "https://registry.yarnpkg.com/@tanstack/react-query-devtools/-/react-query-devtools-5.52.0.tgz#057a819ce92b6f4a9f552177a7bd7aea2766f237"
  integrity sha512-oq8bDxMQ95edOlcWFaGsnSFzH11s06M1uiNiLtgsm+UG6Y5w+K6BJp0GeXN8q7sBNVBw/WPyeFdUH8rj9RT2Aw==
  dependencies:
    "@tanstack/query-devtools" "5.51.16"

"@tanstack/react-query@^5.52.0":
  version "5.52.0"
  resolved "https://registry.yarnpkg.com/@tanstack/react-query/-/react-query-5.52.0.tgz#671478798f1873983807cf6f62b140c817b3cc9f"
  integrity sha512-T8tLZdPEopSD3A1EBZ/sq7WkI76pKLKKiT82F486K8wf26EPgYCdeiSnJfuayssdQjWwLQMQVl/ROUBNmlWgCQ==
  dependencies:
    "@tanstack/query-core" "5.52.0"

zod@^3.23.8:
  version "3.23.8"
  resolved "https://registry.yarnpkg.com/zod/-/zod-3.23.8.tgz#e37b957b5d52079769fb8097099b592f0ef4067d"
  integrity sha512-XBx9AXhXktjUqnepgTiE5flcKIYWi/rme0Eaj+5Y0lftuGBq+jyRu/md4WnuxqgP1ubdpNCsYEYPxrzVHD8d6g==
