# THIS IS AN AUTOGENERATED FILE. DO NOT EDIT THIS FILE DIRECTLY.
# yarn lockfile v1


"@tanstack/query-core@5.51.9":
  version "5.51.9"
  resolved "https://registry.yarnpkg.com/@tanstack/query-core/-/query-core-5.51.9.tgz#eb2e02c715068d5664680b773e39eb44db6b48d8"
  integrity sha512-HsAwaY5J19MD18ykZDS3aVVh+bAt0i7m6uQlFC2b77DLV9djo+xEN7MWQAQQTR8IM+7r/zbozTQ7P0xr0bHuew==

"@tanstack/react-query@^5.51.1":
  version "5.51.11"
  resolved "https://registry.yarnpkg.com/@tanstack/react-query/-/react-query-5.51.11.tgz#8ab2cf6a4baa7a99b5682addf31328525f43242c"
  integrity sha512-4Kq2x0XpDlpvSnaLG+8pHNH60zEc3mBvb3B2tOMDjcPCi/o+Du3p/9qpPLwJOTliVxxPJAP27fuIhLrsRdCr7A==
  dependencies:
    "@tanstack/query-core" "5.51.9"

reusableflows@^0.0.9:
  version "0.0.9"
  resolved "https://registry.yarnpkg.com/reusableflows/-/reusableflows-0.0.9.tgz#ebea0d3f9e1bafb93cdbb8692df111349c778778"
  integrity sha512-tkOl2227E6c+mak3H18Zs/8LCMLGjO9E1tTAut/wkDpJcnF9pHNQUwbyyZXGZg6oUcoJwrKfheaEcx/KqtGdWg==
  dependencies:
    "@tanstack/react-query" "^5.51.1"
    zod "^3.23.8"

zod@^3.23.8:
  version "3.23.8"
  resolved "https://registry.yarnpkg.com/zod/-/zod-3.23.8.tgz#e37b957b5d52079769fb8097099b592f0ef4067d"
  integrity sha512-XBx9AXhXktjUqnepgTiE5flcKIYWi/rme0Eaj+5Y0lftuGBq+jyRu/md4WnuxqgP1ubdpNCsYEYPxrzVHD8d6g==
